// !$*UTF8*$!
{
	archiveVersion = 1;
	classes = {
	};
	objectVersion = 50;
	objects = {

/* Begin PBXBuildFile section */
		6BE7AE202227958800A3F351 /* AppDelegate.swift in Sources */ = {isa = PBXBuildFile; fileRef = 6BE7AE1F2227958800A3F351 /* AppDelegate.swift */; };
		6BE7AE222227958800A3F351 /* ViewController.swift in Sources */ = {isa = PBXBuildFile; fileRef = 6BE7AE212227958800A3F351 /* ViewController.swift */; };
		6BE7AE252227958800A3F351 /* Main.storyboard in Resources */ = {isa = PBXBuildFile; fileRef = 6BE7AE232227958800A3F351 /* Main.storyboard */; };
		6BE7AE282227958800A3F351 /* TabbedPickerMiniAppBrianW.xcdatamodeld in Sources */ = {isa = PBXBuildFile; fileRef = 6BE7AE262227958800A3F351 /* TabbedPickerMiniAppBrianW.xcdatamodeld */; };
		6BE7AE2A2227958900A3F351 /* Assets.xcassets in Resources */ = {isa = PBXBuildFile; fileRef = 6BE7AE292227958900A3F351 /* Assets.xcassets */; };
		6BE7AE2D2227958900A3F351 /* LaunchScreen.storyboard in Resources */ = {isa = PBXBuildFile; fileRef = 6BE7AE2B2227958900A3F351 /* LaunchScreen.storyboard */; };
		6BE7AE35222795D600A3F351 /* KingSnakeViewController.swift in Sources */ = {isa = PBXBuildFile; fileRef = 6BE7AE34222795D600A3F351 /* KingSnakeViewController.swift */; };
		6BE7AE37222795E600A3F351 /* CornSnakeViewController.swift in Sources */ = {isa = PBXBuildFile; fileRef = 6BE7AE36222795E600A3F351 /* CornSnakeViewController.swift */; };
		6BE7AE39222795FC00A3F351 /* BoaConstrictorViewController.swift in Sources */ = {isa = PBXBuildFile; fileRef = 6BE7AE38222795FC00A3F351 /* BoaConstrictorViewController.swift */; };
		6BE7AE3B22279D1000A3F351 /* BallPythonViewController.swift in Sources */ = {isa = PBXBuildFile; fileRef = 6BE7AE3A22279D1000A3F351 /* BallPythonViewController.swift */; };
/* End PBXBuildFile section */

/* Begin PBXFileReference section */
		6BE7AE1C2227958800A3F351 /* TabbedPickerMiniAppBrianW.app */ = {isa = PBXFileReference; explicitFileType = wrapper.application; includeInIndex = 0; path = TabbedPickerMiniAppBrianW.app; sourceTree = BUILT_PRODUCTS_DIR; };
		6BE7AE1F2227958800A3F351 /* AppDelegate.swift */ = {isa = PBXFileReference; lastKnownFileType = sourcecode.swift; path = AppDelegate.swift; sourceTree = "<group>"; };
		6BE7AE212227958800A3F351 /* ViewController.swift */ = {isa = PBXFileReference; lastKnownFileType = sourcecode.swift; path = ViewController.swift; sourceTree = "<group>"; };
		6BE7AE242227958800A3F351 /* Base */ = {isa = PBXFileReference; lastKnownFileType = file.storyboard; name = Base; path = Base.lproj/Main.storyboard; sourceTree = "<group>"; };
		6BE7AE272227958800A3F351 /* TabbedPickerMiniAppBrianW.xcdatamodel */ = {isa = PBXFileReference; lastKnownFileType = wrapper.xcdatamodel; path = TabbedPickerMiniAppBrianW.xcdatamodel; sourceTree = "<group>"; };
		6BE7AE292227958900A3F351 /* Assets.xcassets */ = {isa = PBXFileReference; lastKnownFileType = folder.assetcatalog; path = Assets.xcassets; sourceTree = "<group>"; };
		6BE7AE2C2227958900A3F351 /* Base */ = {isa = PBXFileReference; lastKnownFileType = file.storyboard; name = Base; path = Base.lproj/LaunchScreen.storyboard; sourceTree = "<group>"; };
		6BE7AE2E2227958900A3F351 /* Info.plist */ = {isa = PBXFileReference; lastKnownFileType = text.plist.xml; path = Info.plist; sourceTree = "<group>"; };
		6BE7AE34222795D600A3F351 /* KingSnakeViewController.swift */ = {isa = PBXFileReference; lastKnownFileType = sourcecode.swift; path = KingSnakeViewController.swift; sourceTree = "<group>"; };
		6BE7AE36222795E600A3F351 /* CornSnakeViewController.swift */ = {isa = PBXFileReference; lastKnownFileType = sourcecode.swift; path = CornSnakeViewController.swift; sourceTree = "<group>"; };
		6BE7AE38222795FC00A3F351 /* BoaConstrictorViewController.swift */ = {isa = PBXFileReference; lastKnownFileType = sourcecode.swift; path = BoaConstrictorViewController.swift; sourceTree = "<group>"; };
		6BE7AE3A22279D1000A3F351 /* BallPythonViewController.swift */ = {isa = PBXFileReference; lastKnownFileType = sourcecode.swift; path = BallPythonViewController.swift; sourceTree = "<group>"; };
/* End PBXFileReference section */

/* Begin PBXFrameworksBuildPhase section */
		6BE7AE192227958800A3F351 /* Frameworks */ = {
			isa = PBXFrameworksBuildPhase;
			buildActionMask = 2147483647;
			files = (
			);
			runOnlyForDeploymentPostprocessing = 0;
		};
/* End PBXFrameworksBuildPhase section */

/* Begin PBXGroup section */
		6BE7AE132227958800A3F351 = {
			isa = PBXGroup;
			children = (
				6BE7AE1E2227958800A3F351 /* TabbedPickerMiniAppBrianW */,
				6BE7AE1D2227958800A3F351 /* Products */,
			);
			sourceTree = "<group>";
		};
		6BE7AE1D2227958800A3F351 /* Products */ = {
			isa = PBXGroup;
			children = (
				6BE7AE1C2227958800A3F351 /* TabbedPickerMiniAppBrianW.app */,
			);
			name = Products;
			sourceTree = "<group>";
		};
		6BE7AE1E2227958800A3F351 /* TabbedPickerMiniAppBrianW */ = {
			isa = PBXGroup;
			children = (
				6BE7AE1F2227958800A3F351 /* AppDelegate.swift */,
				6BE7AE212227958800A3F351 /* ViewController.swift */,
				6BE7AE3A22279D1000A3F351 /* BallPythonViewController.swift */,
				6BE7AE34222795D600A3F351 /* KingSnakeViewController.swift */,
				6BE7AE36222795E600A3F351 /* CornSnakeViewController.swift */,
				6BE7AE38222795FC00A3F351 /* BoaConstrictorViewController.swift */,
				6BE7AE232227958800A3F351 /* Main.storyboard */,
				6BE7AE292227958900A3F351 /* Assets.xcassets */,
				6BE7AE2B2227958900A3F351 /* LaunchScreen.storyboard */,
				6BE7AE2E2227958900A3F351 /* Info.plist */,
				6BE7AE262227958800A3F351 /* TabbedPickerMiniAppBrianW.xcdatamodeld */,
			);
			path = TabbedPickerMiniAppBrianW;
			sourceTree = "<group>";
		};
/* End PBXGroup section */

/* Begin PBXNativeTarget section */
		6BE7AE1B2227958800A3F351 /* TabbedPickerMiniAppBrianW */ = {
			isa = PBXNativeTarget;
			buildConfigurationList = 6BE7AE312227958900A3F351 /* Build configuration list for PBXNativeTarget "TabbedPickerMiniAppBrianW" */;
			buildPhases = (
				6BE7AE182227958800A3F351 /* Sources */,
				6BE7AE192227958800A3F351 /* Frameworks */,
				6BE7AE1A2227958800A3F351 /* Resources */,
			);
			buildRules = (
			);
			dependencies = (
			);
			name = TabbedPickerMiniAppBrianW;
			productName = TabbedPickerMiniAppBrianW;
			productReference = 6BE7AE1C2227958800A3F351 /* TabbedPickerMiniAppBrianW.app */;
			productType = "com.apple.product-type.application";
		};
/* End PBXNativeTarget section */

/* Begin PBXProject section */
		6BE7AE142227958800A3F351 /* Project object */ = {
			isa = PBXProject;
			attributes = {
				LastSwiftUpdateCheck = 1010;
				LastUpgradeCheck = 1010;
				ORGANIZATIONNAME = "Brian Wawczak";
				TargetAttributes = {
					6BE7AE1B2227958800A3F351 = {
						CreatedOnToolsVersion = 10.1;
					};
				};
			};
			buildConfigurationList = 6BE7AE172227958800A3F351 /* Build configuration list for PBXProject "TabbedPickerMiniAppBrianW" */;
			compatibilityVersion = "Xcode 9.3";
			developmentRegion = en;
			hasScannedForEncodings = 0;
			knownRegions = (
				en,
				Base,
			);
			mainGroup = 6BE7AE132227958800A3F351;
			productRefGroup = 6BE7AE1D2227958800A3F351 /* Products */;
			projectDirPath = "";
			projectRoot = "";
			targets = (
				6BE7AE1B2227958800A3F351 /* TabbedPickerMiniAppBrianW */,
			);
		};
/* End PBXProject section */

/* Begin PBXResourcesBuildPhase section */
		6BE7AE1A2227958800A3F351 /* Resources */ = {
			isa = PBXResourcesBuildPhase;
			buildActionMask = 2147483647;
			files = (
				6BE7AE2D2227958900A3F351 /* LaunchScreen.storyboard in Resources */,
				6BE7AE2A2227958900A3F351 /* Assets.xcassets in Resources */,
				6BE7AE252227958800A3F351 /* Main.storyboard in Resources */,
			);
			runOnlyForDeploymentPostprocessing = 0;
		};
/* End PBXResourcesBuildPhase section */

/* Begin PBXSourcesBuildPhase section */
		6BE7AE182227958800A3F351 /* Sources */ = {
			isa = PBXSourcesBuildPhase;
			buildActionMask = 2147483647;
			files = (
				6BE7AE3B22279D1000A3F351 /* BallPythonViewController.swift in Sources */,
				6BE7AE222227958800A3F351 /* ViewController.swift in Sources */,
				6BE7AE202227958800A3F351 /* AppDelegate.swift in Sources */,
				6BE7AE39222795FC00A3F351 /* BoaConstrictorViewController.swift in Sources */,
				6BE7AE37222795E600A3F351 /* CornSnakeViewController.swift in Sources */,
				6BE7AE35222795D600A3F351 /* KingSnakeViewController.swift in Sources */,
				6BE7AE282227958800A3F351 /* TabbedPickerMiniAppBrianW.xcdatamodeld in Sources */,
			);
			runOnlyForDeploymentPostprocessing = 0;
		};
/* End PBXSourcesBuildPhase section */

/* Begin PBXVariantGroup section */
		6BE7AE232227958800A3F351 /* Main.storyboard */ = {
			isa = PBXVariantGroup;
			children = (
				6BE7AE242227958800A3F351 /* Base */,
			);
			name = Main.storyboard;
			sourceTree = "<group>";
		};
		6BE7AE2B2227958900A3F351 /* LaunchScreen.storyboard */ = {
			isa = PBXVariantGroup;
			children = (
				6BE7AE2C2227958900A3F351 /* Base */,
			);
			name = LaunchScreen.storyboard;
			sourceTree = "<group>";
		};
/* End PBXVariantGroup section */

/* Begin XCBuildConfiguration section */
		6BE7AE2F2227958900A3F351 /* Debug */ = {
			isa = XCBuildConfiguration;
			buildSettings = {
				ALWAYS_SEARCH_USER_PATHS = NO;
				CLANG_ANALYZER_NONNULL = YES;
				CLANG_ANALYZER_NUMBER_OBJECT_CONVERSION = YES_AGGRESSIVE;
				CLANG_CXX_LANGUAGE_STANDARD = "gnu++14";
				CLANG_CXX_LIBRARY = "libc++";
				CLANG_ENABLE_MODULES = YES;
				CLANG_ENABLE_OBJC_ARC = YES;
				CLANG_ENABLE_OBJC_WEAK = YES;
				CLANG_WARN_BLOCK_CAPTURE_AUTORELEASING = YES;
				CLANG_WARN_BOOL_CONVERSION = YES;
				CLANG_WARN_COMMA = YES;
				CLANG_WARN_CONSTANT_CONVERSION = YES;
				CLANG_WARN_DEPRECATED_OBJC_IMPLEMENTATIONS = YES;
				CLANG_WARN_DIRECT_OBJC_ISA_USAGE = YES_ERROR;
				CLANG_WARN_DOCUMENTATION_COMMENTS = YES;
				CLANG_WARN_EMPTY_BODY = YES;
				CLANG_WARN_ENUM_CONVERSION = YES;
				CLANG_WARN_INFINITE_RECURSION = YES;
				CLANG_WARN_INT_CONVERSION = YES;
				CLANG_WARN_NON_LITERAL_NULL_CONVERSION = YES;
				CLANG_WARN_OBJC_IMPLICIT_RETAIN_SELF = YES;
				CLANG_WARN_OBJC_LITERAL_CONVERSION = YES;
				CLANG_WARN_OBJC_ROOT_CLASS = YES_ERROR;
				CLANG_WARN_RANGE_LOOP_ANALYSIS = YES;
				CLANG_WARN_STRICT_PROTOTYPES = YES;
				CLANG_WARN_SUSPICIOUS_MOVE = YES;
				CLANG_WARN_UNGUARDED_AVAILABILITY = YES_AGGRESSIVE;
				CLANG_WARN_UNREACHABLE_CODE = YES;
				CLANG_WARN__DUPLICATE_METHOD_MATCH = YES;
				CODE_SIGN_IDENTITY = "iPhone Developer";
				COPY_PHASE_STRIP = NO;
				DEBUG_INFORMATION_FORMAT = dwarf;
				ENABLE_STRICT_OBJC_MSGSEND = YES;
				ENABLE_TESTABILITY = YES;
				GCC_C_LANGUAGE_STANDARD = gnu11;
				GCC_DYNAMIC_NO_PIC = NO;
				GCC_NO_COMMON_BLOCKS = YES;
				GCC_OPTIMIZATION_LEVEL = 0;
				GCC_PREPROCESSOR_DEFINITIONS = (
					"DEBUG=1",
					"$(inherited)",
				);
				GCC_WARN_64_TO_32_BIT_CONVERSION = YES;
				GCC_WARN_ABOUT_RETURN_TYPE = YES_ERROR;
				GCC_WARN_UNDECLARED_SELECTOR = YES;
				GCC_WARN_UNINITIALIZED_AUTOS = YES_AGGRESSIVE;
				GCC_WARN_UNUSED_FUNCTION = YES;
				GCC_WARN_UNUSED_VARIABLE = YES;
				IPHONEOS_DEPLOYMENT_TARGET = 12.1;
				MTL_ENABLE_DEBUG_INFO = INCLUDE_SOURCE;
				MTL_FAST_MATH = YES;
				ONLY_ACTIVE_ARCH = YES;
				SDKROOT = iphoneos;
				SWIFT_ACTIVE_COMPILATION_CONDITIONS = DEBUG;
				SWIFT_OPTIMIZATION_LEVEL = "-Onone";
			};
			name = Debug;
		};
		6BE7AE302227958900A3F351 /* Release */ = {
			isa = XCBuildConfiguration;
			buildSettings = {
				ALWAYS_SEARCH_USER_PATHS = NO;
				CLANG_ANALYZER_NONNULL = YES;
				CLANG_ANALYZER_NUMBER_OBJECT_CONVERSION = YES_AGGRESSIVE;
				CLANG_CXX_LANGUAGE_STANDARD = "gnu++14";
				CLANG_CXX_LIBRARY = "libc++";
				CLANG_ENABLE_MODULES = YES;
				CLANG_ENABLE_OBJC_ARC = YES;
				CLANG_ENABLE_OBJC_WEAK = YES;
				CLANG_WARN_BLOCK_CAPTURE_AUTORELEASING = YES;
				CLANG_WARN_BOOL_CONVERSION = YES;
				CLANG_WARN_COMMA = YES;
				CLANG_WARN_CONSTANT_CONVERSION = YES;
				CLANG_WARN_DEPRECATED_OBJC_IMPLEMENTATIONS = YES;
				CLANG_WARN_DIRECT_OBJC_ISA_USAGE = YES_ERROR;
				CLANG_WARN_DOCUMENTATION_COMMENTS = YES;
				CLANG_WARN_EMPTY_BODY = YES;
				CLANG_WARN_ENUM_CONVERSION = YES;
				CLANG_WARN_INFINITE_RECURSION = YES;
				CLANG_WARN_INT_CONVERSION = YES;
				CLANG_WARN_NON_LITERAL_NULL_CONVERSION = YES;
				CLANG_WARN_OBJC_IMPLICIT_RETAIN_SELF = YES;
				CLANG_WARN_OBJC_LITERAL_CONVERSION = YES;
				CLANG_WARN_OBJC_ROOT_CLASS = YES_ERROR;
				CLANG_WARN_RANGE_LOOP_ANALYSIS = YES;
				CLANG_WARN_STRICT_PROTOTYPES = YES;
				CLANG_WARN_SUSPICIOUS_MOVE = YES;
				CLANG_WARN_UNGUARDED_AVAILABILITY = YES_AGGRESSIVE;
				CLANG_WARN_UNREACHABLE_CODE = YES;
				CLANG_WARN__DUPLICATE_METHOD_MATCH = YES;
				CODE_SIGN_IDENTITY = "iPhone Developer";
				COPY_PHASE_STRIP = NO;
				DEBUG_INFORMATION_FORMAT = "dwarf-with-dsym";
				ENABLE_NS_ASSERTIONS = NO;
				ENABLE_STRICT_OBJC_MSGSEND = YES;
				GCC_C_LANGUAGE_STANDARD = gnu11;
				GCC_NO_COMMON_BLOCKS = YES;
				GCC_WARN_64_TO_32_BIT_CONVERSION = YES;
				GCC_WARN_ABOUT_RETURN_TYPE = YES_ERROR;
				GCC_WARN_UNDECLARED_SELECTOR = YES;
				GCC_WARN_UNINITIALIZED_AUTOS = YES_AGGRESSIVE;
				GCC_WARN_UNUSED_FUNCTION = YES;
				GCC_WARN_UNUSED_VARIABLE = YES;
				IPHONEOS_DEPLOYMENT_TARGET = 12.1;
				MTL_ENABLE_DEBUG_INFO = NO;
				MTL_FAST_MATH = YES;
				SDKROOT = iphoneos;
				SWIFT_COMPILATION_MODE = wholemodule;
				SWIFT_OPTIMIZATION_LEVEL = "-O";
				VALIDATE_PRODUCT = YES;
			};
			name = Release;
		};
		6BE7AE322227958900A3F351 /* Debug */ = {
			isa = XCBuildConfiguration;
			buildSettings = {
				ASSETCATALOG_COMPILER_APPICON_NAME = AppIcon;
				CODE_SIGN_STYLE = Automatic;
				DEVELOPMENT_TEAM = VLL5PXFDUH;
				INFOPLIST_FILE = TabbedPickerMiniAppBrianW/Info.plist;
				LD_RUNPATH_SEARCH_PATHS = (
					"$(inherited)",
					"@executable_path/Frameworks",
				);
				PRODUCT_BUNDLE_IDENTIFIER = com.brianwawczak.TabbedPickerMiniAppBrianW;
				PRODUCT_NAME = "$(TARGET_NAME)";
				SWIFT_VERSION = 4.2;
				TARGETED_DEVICE_FAMILY = "1,2";
			};
			name = Debug;
		};
		6BE7AE332227958900A3F351 /* Release */ = {
			isa = XCBuildConfiguration;
			buildSettings = {
				ASSETCATALOG_COMPILER_APPICON_NAME = AppIcon;
				CODE_SIGN_STYLE = Automatic;
				DEVELOPMENT_TEAM = VLL5PXFDUH;
				INFOPLIST_FILE = TabbedPickerMiniAppBrianW/Info.plist;
				LD_RUNPATH_SEARCH_PATHS = (
					"$(inherited)",
					"@executable_path/Frameworks",
				);
				PRODUCT_BUNDLE_IDENTIFIER = com.brianwawczak.TabbedPickerMiniAppBrianW;
				PRODUCT_NAME = "$(TARGET_NAME)";
				SWIFT_VERSION = 4.2;
				TARGETED_DEVICE_FAMILY = "1,2";
			};
			name = Release;
		};
/* End XCBuildConfiguration section */

/* Begin XCConfigurationList section */
		6BE7AE172227958800A3F351 /* Build configuration list for PBXProject "TabbedPickerMiniAppBrianW" */ = {
			isa = XCConfigurationList;
			buildConfigurations = (
				6BE7AE2F2227958900A3F351 /* Debug */,
				6BE7AE302227958900A3F351 /* Release */,
			);
			defaultConfigurationIsVisible = 0;
			defaultConfigurationName = Release;
		};
		6BE7AE312227958900A3F351 /* Build configuration list for PBXNativeTarget "TabbedPickerMiniAppBrianW" */ = {
			isa = XCConfigurationList;
			buildConfigurations = (
				6BE7AE322227958900A3F351 /* Debug */,
				6BE7AE332227958900A3F351 /* Release */,
			);
			defaultConfigurationIsVisible = 0;
			defaultConfigurationName = Release;
		};
/* End XCConfigurationList section */

/* Begin XCVersionGroup section */
		6BE7AE262227958800A3F351 /* TabbedPickerMiniAppBrianW.xcdatamodeld */ = {
			isa = XCVersionGroup;
			children = (
				6BE7AE272227958800A3F351 /* TabbedPickerMiniAppBrianW.xcdatamodel */,
			);
			currentVersion = 6BE7AE272227958800A3F351 /* TabbedPickerMiniAppBrianW.xcdatamodel */;
			path = TabbedPickerMiniAppBrianW.xcdatamodeld;
			sourceTree = "<group>";
			versionGroupType = wrapper.xcdatamodel;
		};
/* End XCVersionGroup section */
	};
	rootObject = 6BE7AE142227958800A3F351 /* Project object */;
}
